
Microsoft Visual Studio Solution File, Format Version 12.00
# Visual Studio Version 16
VisualStudioVersion = 16.0.31624.102
MinimumVisualStudioVersion = 10.0.40219.1
Project("{FAE04EC0-301F-11D3-BF4B-00C04F79EFBC}") = "DemoEstructura.UWP", "DemoEstructura\DemoEstructura.UWP\DemoEstructura.UWP.csproj", "{64E34ECB-1760-478A-89AF-31A46A83B02C}"
EndProject
Project("{FAE04EC0-301F-11D3-BF4B-00C04F79EFBC}") = "DemoEstructura.Android", "DemoEstructura\DemoEstructura.Android\DemoEstructura.Android.csproj", "{71CF97B5-9D46-48C1-B129-9F39ABD7C595}"
EndProject
Project("{FAE04EC0-301F-11D3-BF4B-00C04F79EFBC}") = "DemoEstructura.iOS", "DemoEstructura\DemoEstructura.iOS\DemoEstructura.iOS.csproj", "{92475CA7-E2BF-47ED-A132-7084F90A3CCE}"
EndProject
Project("{FAE04EC0-301F-11D3-BF4B-00C04F79EFBC}") = "DemoEstructuraApp", "DemoEstructura\DemoEstructura\DemoEstructuraApp.csproj", "{2F50852E-0526-4982-9A42-9E9D98149BAF}"
EndProject
Global
	GlobalSection(SolutionConfigurationPlatforms) = preSolution
		Debug|Any CPU = Debug|Any CPU
		Debug|ARM = Debug|ARM
		Debug|iPhone = Debug|iPhone
		Debug|iPhoneSimulator = Debug|iPhoneSimulator
		Debug|x64 = Debug|x64
		Debug|x86 = Debug|x86
		Release|Any CPU = Release|Any CPU
		Release|ARM = Release|ARM
		Release|iPhone = Release|iPhone
		Release|iPhoneSimulator = Release|iPhoneSimulator
		Release|x64 = Release|x64
		Release|x86 = Release|x86
	EndGlobalSection
	GlobalSection(ProjectConfigurationPlatforms) = postSolution
		{64E34ECB-1760-478A-89AF-31A46A83B02C}.Debug|Any CPU.ActiveCfg = Debug|x86
		{64E34ECB-1760-478A-89AF-31A46A83B02C}.Debug|Any CPU.Build.0 = Debug|x86
		{64E34ECB-1760-478A-89AF-31A46A83B02C}.Debug|Any CPU.Deploy.0 = Debug|x86
		{64E34ECB-1760-478A-89AF-31A46A83B02C}.Debug|ARM.ActiveCfg = Debug|ARM
		{64E34ECB-1760-478A-89AF-31A46A83B02C}.Debug|ARM.Build.0 = Debug|ARM
		{64E34ECB-1760-478A-89AF-31A46A83B02C}.Debug|ARM.Deploy.0 = Debug|ARM
		{64E34ECB-1760-478A-89AF-31A46A83B02C}.Debug|iPhone.ActiveCfg = Debug|x86
		{64E34ECB-1760-478A-89AF-31A46A83B02C}.Debug|iPhone.Build.0 = Debug|x86
		{64E34ECB-1760-478A-89AF-31A46A83B02C}.Debug|iPhone.Deploy.0 = Debug|x86
		{64E34ECB-1760-478A-89AF-31A46A83B02C}.Debug|iPhoneSimulator.ActiveCfg = Debug|x86
		{64E34ECB-1760-478A-89AF-31A46A83B02C}.Debug|iPhoneSimulator.Build.0 = Debug|x86
		{64E34ECB-1760-478A-89AF-31A46A83B02C}.Debug|iPhoneSimulator.Deploy.0 = Debug|x86
		{64E34ECB-1760-478A-89AF-31A46A83B02C}.Debug|x64.ActiveCfg = Debug|x64
		{64E34ECB-1760-478A-89AF-31A46A83B02C}.Debug|x64.Build.0 = Debug|x64
		{64E34ECB-1760-478A-89AF-31A46A83B02C}.Debug|x64.Deploy.0 = Debug|x64
		{64E34ECB-1760-478A-89AF-31A46A83B02C}.Debug|x86.ActiveCfg = Debug|x86
		{64E34ECB-1760-478A-89AF-31A46A83B02C}.Debug|x86.Build.0 = Debug|x86
		{64E34ECB-1760-478A-89AF-31A46A83B02C}.Debug|x86.Deploy.0 = Debug|x86
		{64E34ECB-1760-478A-89AF-31A46A83B02C}.Release|Any CPU.ActiveCfg = Release|x86
		{64E34ECB-1760-478A-89AF-31A46A83B02C}.Release|Any CPU.Build.0 = Release|x86
		{64E34ECB-1760-478A-89AF-31A46A83B02C}.Release|Any CPU.Deploy.0 = Release|x86
		{64E34ECB-1760-478A-89AF-31A46A83B02C}.Release|ARM.ActiveCfg = Release|ARM
		{64E34ECB-1760-478A-89AF-31A46A83B02C}.Release|ARM.Build.0 = Release|ARM
		{64E34ECB-1760-478A-89AF-31A46A83B02C}.Release|ARM.Deploy.0 = Release|ARM
		{64E34ECB-1760-478A-89AF-31A46A83B02C}.Release|iPhone.ActiveCfg = Release|x86
		{64E34ECB-1760-478A-89AF-31A46A83B02C}.Release|iPhone.Build.0 = Release|x86
		{64E34ECB-1760-478A-89AF-31A46A83B02C}.Release|iPhone.Deploy.0 = Release|x86
		{64E34ECB-1760-478A-89AF-31A46A83B02C}.Release|iPhoneSimulator.ActiveCfg = Release|x86
		{64E34ECB-1760-478A-89AF-31A46A83B02C}.Release|iPhoneSimulator.Build.0 = Release|x86
		{64E34ECB-1760-478A-89AF-31A46A83B02C}.Release|iPhoneSimulator.Deploy.0 = Release|x86
		{64E34ECB-1760-478A-89AF-31A46A83B02C}.Release|x64.ActiveCfg = Release|x64
		{64E34ECB-1760-478A-89AF-31A46A83B02C}.Release|x64.Build.0 = Release|x64
		{64E34ECB-1760-478A-89AF-31A46A83B02C}.Release|x64.Deploy.0 = Release|x64
		{64E34ECB-1760-478A-89AF-31A46A83B02C}.Release|x86.ActiveCfg = Release|x86
		{64E34ECB-1760-478A-89AF-31A46A83B02C}.Release|x86.Build.0 = Release|x86
		{64E34ECB-1760-478A-89AF-31A46A83B02C}.Release|x86.Deploy.0 = Release|x86
		{71CF97B5-9D46-48C1-B129-9F39ABD7C595}.Debug|Any CPU.ActiveCfg = Debug|Any CPU
		{71CF97B5-9D46-48C1-B129-9F39ABD7C595}.Debug|Any CPU.Build.0 = Debug|Any CPU
		{71CF97B5-9D46-48C1-B129-9F39ABD7C595}.Debug|Any CPU.Deploy.0 = Debug|Any CPU
		{71CF97B5-9D46-48C1-B129-9F39ABD7C595}.Debug|ARM.ActiveCfg = Debug|Any CPU
		{71CF97B5-9D46-48C1-B129-9F39ABD7C595}.Debug|ARM.Build.0 = Debug|Any CPU
		{71CF97B5-9D46-48C1-B129-9F39ABD7C595}.Debug|ARM.Deploy.0 = Debug|Any CPU
		{71CF97B5-9D46-48C1-B129-9F39ABD7C595}.Debug|iPhone.ActiveCfg = Debug|Any CPU
		{71CF97B5-9D46-48C1-B129-9F39ABD7C595}.Debug|iPhone.Build.0 = Debug|Any CPU
		{71CF97B5-9D46-48C1-B129-9F39ABD7C595}.Debug|iPhone.Deploy.0 = Debug|Any CPU
		{71CF97B5-9D46-48C1-B129-9F39ABD7C595}.Debug|iPhoneSimulator.ActiveCfg = Debug|Any CPU
		{71CF97B5-9D46-48C1-B129-9F39ABD7C595}.Debug|iPhoneSimulator.Build.0 = Debug|Any CPU
		{71CF97B5-9D46-48C1-B129-9F39ABD7C595}.Debug|iPhoneSimulator.Deploy.0 = Debug|Any CPU
		{71CF97B5-9D46-48C1-B129-9F39ABD7C595}.Debug|x64.ActiveCfg = Debug|Any CPU
		{71CF97B5-9D46-48C1-B129-9F39ABD7C595}.Debug|x64.Build.0 = Debug|Any CPU
		{71CF97B5-9D46-48C1-B129-9F39ABD7C595}.Debug|x64.Deploy.0 = Debug|Any CPU
		{71CF97B5-9D46-48C1-B129-9F39ABD7C595}.Debug|x86.ActiveCfg = Debug|Any CPU
		{71CF97B5-9D46-48C1-B129-9F39ABD7C595}.Debug|x86.Build.0 = Debug|Any CPU
		{71CF97B5-9D46-48C1-B129-9F39ABD7C595}.Debug|x86.Deploy.0 = Debug|Any CPU
		{71CF97B5-9D46-48C1-B129-9F39ABD7C595}.Release|Any CPU.ActiveCfg = Release|Any CPU
		{71CF97B5-9D46-48C1-B129-9F39ABD7C595}.Release|Any CPU.Build.0 = Release|Any CPU
		{71CF97B5-9D46-48C1-B129-9F39ABD7C595}.Release|Any CPU.Deploy.0 = Release|Any CPU
		{71CF97B5-9D46-48C1-B129-9F39ABD7C595}.Release|ARM.ActiveCfg = Release|Any CPU
		{71CF97B5-9D46-48C1-B129-9F39ABD7C595}.Release|ARM.Build.0 = Release|Any CPU
		{71CF97B5-9D46-48C1-B129-9F39ABD7C595}.Release|ARM.Deploy.0 = Release|Any CPU
		{71CF97B5-9D46-48C1-B129-9F39ABD7C595}.Release|iPhone.ActiveCfg = Release|Any CPU
		{71CF97B5-9D46-48C1-B129-9F39ABD7C595}.Release|iPhone.Build.0 = Release|Any CPU
		{71CF97B5-9D46-48C1-B129-9F39ABD7C595}.Release|iPhone.Deploy.0 = Release|Any CPU
		{71CF97B5-9D46-48C1-B129-9F39ABD7C595}.Release|iPhoneSimulator.ActiveCfg = Release|Any CPU
		{71CF97B5-9D46-48C1-B129-9F39ABD7C595}.Release|iPhoneSimulator.Build.0 = Release|Any CPU
		{71CF97B5-9D46-48C1-B129-9F39ABD7C595}.Release|iPhoneSimulator.Deploy.0 = Release|Any CPU
		{71CF97B5-9D46-48C1-B129-9F39ABD7C595}.Release|x64.ActiveCfg = Release|Any CPU
		{71CF97B5-9D46-48C1-B129-9F39ABD7C595}.Release|x64.Build.0 = Release|Any CPU
		{71CF97B5-9D46-48C1-B129-9F39ABD7C595}.Release|x64.Deploy.0 = Release|Any CPU
		{71CF97B5-9D46-48C1-B129-9F39ABD7C595}.Release|x86.ActiveCfg = Release|Any CPU
		{71CF97B5-9D46-48C1-B129-9F39ABD7C595}.Release|x86.Build.0 = Release|Any CPU
		{71CF97B5-9D46-48C1-B129-9F39ABD7C595}.Release|x86.Deploy.0 = Release|Any CPU
		{92475CA7-E2BF-47ED-A132-7084F90A3CCE}.Debug|Any CPU.ActiveCfg = Debug|iPhoneSimulator
		{92475CA7-E2BF-47ED-A132-7084F90A3CCE}.Debug|Any CPU.Build.0 = Debug|iPhoneSimulator
		{92475CA7-E2BF-47ED-A132-7084F90A3CCE}.Debug|Any CPU.Deploy.0 = Debug|iPhoneSimulator
		{92475CA7-E2BF-47ED-A132-7084F90A3CCE}.Debug|ARM.ActiveCfg = Debug|iPhone
		{92475CA7-E2BF-47ED-A132-7084F90A3CCE}.Debug|ARM.Build.0 = Debug|iPhone
		{92475CA7-E2BF-47ED-A132-7084F90A3CCE}.Debug|ARM.Deploy.0 = Debug|iPhone
		{92475CA7-E2BF-47ED-A132-7084F90A3CCE}.Debug|iPhone.ActiveCfg = Debug|iPhone
		{92475CA7-E2BF-47ED-A132-7084F90A3CCE}.Debug|iPhone.Build.0 = Debug|iPhone
		{92475CA7-E2BF-47ED-A132-7084F90A3CCE}.Debug|iPhone.Deploy.0 = Debug|iPhone
		{92475CA7-E2BF-47ED-A132-7084F90A3CCE}.Debug|iPhoneSimulator.ActiveCfg = Debug|iPhoneSimulator
		{92475CA7-E2BF-47ED-A132-7084F90A3CCE}.Debug|iPhoneSimulator.Build.0 = Debug|iPhoneSimulator
		{92475CA7-E2BF-47ED-A132-7084F90A3CCE}.Debug|iPhoneSimulator.Deploy.0 = Debug|iPhoneSimulator
		{92475CA7-E2BF-47ED-A132-7084F90A3CCE}.Debug|x64.ActiveCfg = Debug|iPhoneSimulator
		{92475CA7-E2BF-47ED-A132-7084F90A3CCE}.Debug|x64.Build.0 = Debug|iPhoneSimulator
		{92475CA7-E2BF-47ED-A132-7084F90A3CCE}.Debug|x64.Deploy.0 = Debug|iPhoneSimulator
		{92475CA7-E2BF-47ED-A132-7084F90A3CCE}.Debug|x86.ActiveCfg = Debug|iPhoneSimulator
		{92475CA7-E2BF-47ED-A132-7084F90A3CCE}.Debug|x86.Build.0 = Debug|iPhoneSimulator
		{92475CA7-E2BF-47ED-A132-7084F90A3CCE}.Debug|x86.Deploy.0 = Debug|iPhoneSimulator
		{92475CA7-E2BF-47ED-A132-7084F90A3CCE}.Release|Any CPU.ActiveCfg = Release|iPhoneSimulator
		{92475CA7-E2BF-47ED-A132-7084F90A3CCE}.Release|Any CPU.Build.0 = Release|iPhoneSimulator
		{92475CA7-E2BF-47ED-A132-7084F90A3CCE}.Release|Any CPU.Deploy.0 = Release|iPhoneSimulator
		{92475CA7-E2BF-47ED-A132-7084F90A3CCE}.Release|ARM.ActiveCfg = Release|iPhoneSimulator
		{92475CA7-E2BF-47ED-A132-7084F90A3CCE}.Release|ARM.Build.0 = Release|iPhoneSimulator
		{92475CA7-E2BF-47ED-A132-7084F90A3CCE}.Release|ARM.Deploy.0 = Release|iPhoneSimulator
		{92475CA7-E2BF-47ED-A132-7084F90A3CCE}.Release|iPhone.ActiveCfg = Release|iPhone
		{92475CA7-E2BF-47ED-A132-7084F90A3CCE}.Release|iPhone.Build.0 = Release|iPhone
		{92475CA7-E2BF-47ED-A132-7084F90A3CCE}.Release|iPhone.Deploy.0 = Release|iPhone
		{92475CA7-E2BF-47ED-A132-7084F90A3CCE}.Release|iPhoneSimulator.ActiveCfg = Release|iPhoneSimulator
		{92475CA7-E2BF-47ED-A132-7084F90A3CCE}.Release|iPhoneSimulator.Build.0 = Release|iPhoneSimulator
		{92475CA7-E2BF-47ED-A132-7084F90A3CCE}.Release|iPhoneSimulator.Deploy.0 = Release|iPhoneSimulator
		{92475CA7-E2BF-47ED-A132-7084F90A3CCE}.Release|x64.ActiveCfg = Release|iPhoneSimulator
		{92475CA7-E2BF-47ED-A132-7084F90A3CCE}.Release|x64.Build.0 = Release|iPhoneSimulator
		{92475CA7-E2BF-47ED-A132-7084F90A3CCE}.Release|x64.Deploy.0 = Release|iPhoneSimulator
		{92475CA7-E2BF-47ED-A132-7084F90A3CCE}.Release|x86.ActiveCfg = Release|iPhoneSimulator
		{92475CA7-E2BF-47ED-A132-7084F90A3CCE}.Release|x86.Build.0 = Release|iPhoneSimulator
		{92475CA7-E2BF-47ED-A132-7084F90A3CCE}.Release|x86.Deploy.0 = Release|iPhoneSimulator
		{2F50852E-0526-4982-9A42-9E9D98149BAF}.Debug|Any CPU.ActiveCfg = Debug|Any CPU
		{2F50852E-0526-4982-9A42-9E9D98149BAF}.Debug|Any CPU.Build.0 = Debug|Any CPU
		{2F50852E-0526-4982-9A42-9E9D98149BAF}.Debug|Any CPU.Deploy.0 = Debug|Any CPU
		{2F50852E-0526-4982-9A42-9E9D98149BAF}.Debug|ARM.ActiveCfg = Debug|Any CPU
		{2F50852E-0526-4982-9A42-9E9D98149BAF}.Debug|ARM.Build.0 = Debug|Any CPU
		{2F50852E-0526-4982-9A42-9E9D98149BAF}.Debug|ARM.Deploy.0 = Debug|Any CPU
		{2F50852E-0526-4982-9A42-9E9D98149BAF}.Debug|iPhone.ActiveCfg = Debug|Any CPU
		{2F50852E-0526-4982-9A42-9E9D98149BAF}.Debug|iPhone.Build.0 = Debug|Any CPU
		{2F50852E-0526-4982-9A42-9E9D98149BAF}.Debug|iPhone.Deploy.0 = Debug|Any CPU
		{2F50852E-0526-4982-9A42-9E9D98149BAF}.Debug|iPhoneSimulator.ActiveCfg = Debug|Any CPU
		{2F50852E-0526-4982-9A42-9E9D98149BAF}.Debug|iPhoneSimulator.Build.0 = Debug|Any CPU
		{2F50852E-0526-4982-9A42-9E9D98149BAF}.Debug|iPhoneSimulator.Deploy.0 = Debug|Any CPU
		{2F50852E-0526-4982-9A42-9E9D98149BAF}.Debug|x64.ActiveCfg = Debug|Any CPU
		{2F50852E-0526-4982-9A42-9E9D98149BAF}.Debug|x64.Build.0 = Debug|Any CPU
		{2F50852E-0526-4982-9A42-9E9D98149BAF}.Debug|x64.Deploy.0 = Debug|Any CPU
		{2F50852E-0526-4982-9A42-9E9D98149BAF}.Debug|x86.ActiveCfg = Debug|Any CPU
		{2F50852E-0526-4982-9A42-9E9D98149BAF}.Debug|x86.Build.0 = Debug|Any CPU
		{2F50852E-0526-4982-9A42-9E9D98149BAF}.Debug|x86.Deploy.0 = Debug|Any CPU
		{2F50852E-0526-4982-9A42-9E9D98149BAF}.Release|Any CPU.ActiveCfg = Release|Any CPU
		{2F50852E-0526-4982-9A42-9E9D98149BAF}.Release|Any CPU.Build.0 = Release|Any CPU
		{2F50852E-0526-4982-9A42-9E9D98149BAF}.Release|Any CPU.Deploy.0 = Release|Any CPU
		{2F50852E-0526-4982-9A42-9E9D98149BAF}.Release|ARM.ActiveCfg = Release|Any CPU
		{2F50852E-0526-4982-9A42-9E9D98149BAF}.Release|ARM.Build.0 = Release|Any CPU
		{2F50852E-0526-4982-9A42-9E9D98149BAF}.Release|ARM.Deploy.0 = Release|Any CPU
		{2F50852E-0526-4982-9A42-9E9D98149BAF}.Release|iPhone.ActiveCfg = Release|Any CPU
		{2F50852E-0526-4982-9A42-9E9D98149BAF}.Release|iPhone.Build.0 = Release|Any CPU
		{2F50852E-0526-4982-9A42-9E9D98149BAF}.Release|iPhone.Deploy.0 = Release|Any CPU
		{2F50852E-0526-4982-9A42-9E9D98149BAF}.Release|iPhoneSimulator.ActiveCfg = Release|Any CPU
		{2F50852E-0526-4982-9A42-9E9D98149BAF}.Release|iPhoneSimulator.Build.0 = Release|Any CPU
		{2F50852E-0526-4982-9A42-9E9D98149BAF}.Release|iPhoneSimulator.Deploy.0 = Release|Any CPU
		{2F50852E-0526-4982-9A42-9E9D98149BAF}.Release|x64.ActiveCfg = Release|Any CPU
		{2F50852E-0526-4982-9A42-9E9D98149BAF}.Release|x64.Build.0 = Release|Any CPU
		{2F50852E-0526-4982-9A42-9E9D98149BAF}.Release|x64.Deploy.0 = Release|Any CPU
		{2F50852E-0526-4982-9A42-9E9D98149BAF}.Release|x86.ActiveCfg = Release|Any CPU
		{2F50852E-0526-4982-9A42-9E9D98149BAF}.Release|x86.Build.0 = Release|Any CPU
		{2F50852E-0526-4982-9A42-9E9D98149BAF}.Release|x86.Deploy.0 = Release|Any CPU
	EndGlobalSection
	GlobalSection(SolutionProperties) = preSolution
		HideSolutionNode = FALSE
	EndGlobalSection
	GlobalSection(ExtensibilityGlobals) = postSolution
		SolutionGuid = {DE1BE580-2BFE-4836-A64F-0767B3C8474B}
	EndGlobalSection
EndGlobal
