
Microsoft Visual Studio Solution File, Format Version 12.00
# Visual Studio Version 16
VisualStudioVersion = 16.0.31624.102
MinimumVisualStudioVersion = 10.0.40219.1
Project("{FAE04EC0-301F-11D3-BF4B-00C04F79EFBC}") = "Demo01_Paginas.UWP", "Demo01_Paginas\Demo01_Paginas.UWP\Demo01_Paginas.UWP.csproj", "{9480EBA0-909D-4728-8A39-916A854A3C62}"
EndProject
Project("{FAE04EC0-301F-11D3-BF4B-00C04F79EFBC}") = "Demo01_Paginas.Android", "Demo01_Paginas\Demo01_Paginas.Android\Demo01_Paginas.Android.csproj", "{6A3CE59E-D442-41C8-9E78-22EB2E0175DF}"
EndProject
Project("{FAE04EC0-301F-11D3-BF4B-00C04F79EFBC}") = "Demo01_Paginas.iOS", "Demo01_Paginas\Demo01_Paginas.iOS\Demo01_Paginas.iOS.csproj", "{98A41056-5411-40CA-9492-89AF3FB6E3B2}"
EndProject
Project("{FAE04EC0-301F-11D3-BF4B-00C04F79EFBC}") = "Demo01_Paginas", "Demo01_Paginas\Demo01_Paginas\Demo01_Paginas.csproj", "{E4A7137B-9A58-4B59-AD46-8F2DB2D70AC2}"
EndProject
Global
	GlobalSection(SolutionConfigurationPlatforms) = preSolution
		Debug|Any CPU = Debug|Any CPU
		Debug|ARM = Debug|ARM
		Debug|iPhone = Debug|iPhone
		Debug|iPhoneSimulator = Debug|iPhoneSimulator
		Debug|x64 = Debug|x64
		Debug|x86 = Debug|x86
		Release|Any CPU = Release|Any CPU
		Release|ARM = Release|ARM
		Release|iPhone = Release|iPhone
		Release|iPhoneSimulator = Release|iPhoneSimulator
		Release|x64 = Release|x64
		Release|x86 = Release|x86
	EndGlobalSection
	GlobalSection(ProjectConfigurationPlatforms) = postSolution
		{9480EBA0-909D-4728-8A39-916A854A3C62}.Debug|Any CPU.ActiveCfg = Debug|x86
		{9480EBA0-909D-4728-8A39-916A854A3C62}.Debug|Any CPU.Build.0 = Debug|x86
		{9480EBA0-909D-4728-8A39-916A854A3C62}.Debug|Any CPU.Deploy.0 = Debug|x86
		{9480EBA0-909D-4728-8A39-916A854A3C62}.Debug|ARM.ActiveCfg = Debug|ARM
		{9480EBA0-909D-4728-8A39-916A854A3C62}.Debug|ARM.Build.0 = Debug|ARM
		{9480EBA0-909D-4728-8A39-916A854A3C62}.Debug|ARM.Deploy.0 = Debug|ARM
		{9480EBA0-909D-4728-8A39-916A854A3C62}.Debug|iPhone.ActiveCfg = Debug|x86
		{9480EBA0-909D-4728-8A39-916A854A3C62}.Debug|iPhone.Build.0 = Debug|x86
		{9480EBA0-909D-4728-8A39-916A854A3C62}.Debug|iPhone.Deploy.0 = Debug|x86
		{9480EBA0-909D-4728-8A39-916A854A3C62}.Debug|iPhoneSimulator.ActiveCfg = Debug|x86
		{9480EBA0-909D-4728-8A39-916A854A3C62}.Debug|iPhoneSimulator.Build.0 = Debug|x86
		{9480EBA0-909D-4728-8A39-916A854A3C62}.Debug|iPhoneSimulator.Deploy.0 = Debug|x86
		{9480EBA0-909D-4728-8A39-916A854A3C62}.Debug|x64.ActiveCfg = Debug|x64
		{9480EBA0-909D-4728-8A39-916A854A3C62}.Debug|x64.Build.0 = Debug|x64
		{9480EBA0-909D-4728-8A39-916A854A3C62}.Debug|x64.Deploy.0 = Debug|x64
		{9480EBA0-909D-4728-8A39-916A854A3C62}.Debug|x86.ActiveCfg = Debug|x86
		{9480EBA0-909D-4728-8A39-916A854A3C62}.Debug|x86.Build.0 = Debug|x86
		{9480EBA0-909D-4728-8A39-916A854A3C62}.Debug|x86.Deploy.0 = Debug|x86
		{9480EBA0-909D-4728-8A39-916A854A3C62}.Release|Any CPU.ActiveCfg = Release|x86
		{9480EBA0-909D-4728-8A39-916A854A3C62}.Release|Any CPU.Build.0 = Release|x86
		{9480EBA0-909D-4728-8A39-916A854A3C62}.Release|Any CPU.Deploy.0 = Release|x86
		{9480EBA0-909D-4728-8A39-916A854A3C62}.Release|ARM.ActiveCfg = Release|ARM
		{9480EBA0-909D-4728-8A39-916A854A3C62}.Release|ARM.Build.0 = Release|ARM
		{9480EBA0-909D-4728-8A39-916A854A3C62}.Release|ARM.Deploy.0 = Release|ARM
		{9480EBA0-909D-4728-8A39-916A854A3C62}.Release|iPhone.ActiveCfg = Release|x86
		{9480EBA0-909D-4728-8A39-916A854A3C62}.Release|iPhone.Build.0 = Release|x86
		{9480EBA0-909D-4728-8A39-916A854A3C62}.Release|iPhone.Deploy.0 = Release|x86
		{9480EBA0-909D-4728-8A39-916A854A3C62}.Release|iPhoneSimulator.ActiveCfg = Release|x86
		{9480EBA0-909D-4728-8A39-916A854A3C62}.Release|iPhoneSimulator.Build.0 = Release|x86
		{9480EBA0-909D-4728-8A39-916A854A3C62}.Release|iPhoneSimulator.Deploy.0 = Release|x86
		{9480EBA0-909D-4728-8A39-916A854A3C62}.Release|x64.ActiveCfg = Release|x64
		{9480EBA0-909D-4728-8A39-916A854A3C62}.Release|x64.Build.0 = Release|x64
		{9480EBA0-909D-4728-8A39-916A854A3C62}.Release|x64.Deploy.0 = Release|x64
		{9480EBA0-909D-4728-8A39-916A854A3C62}.Release|x86.ActiveCfg = Release|x86
		{9480EBA0-909D-4728-8A39-916A854A3C62}.Release|x86.Build.0 = Release|x86
		{9480EBA0-909D-4728-8A39-916A854A3C62}.Release|x86.Deploy.0 = Release|x86
		{6A3CE59E-D442-41C8-9E78-22EB2E0175DF}.Debug|Any CPU.ActiveCfg = Debug|Any CPU
		{6A3CE59E-D442-41C8-9E78-22EB2E0175DF}.Debug|Any CPU.Build.0 = Debug|Any CPU
		{6A3CE59E-D442-41C8-9E78-22EB2E0175DF}.Debug|Any CPU.Deploy.0 = Debug|Any CPU
		{6A3CE59E-D442-41C8-9E78-22EB2E0175DF}.Debug|ARM.ActiveCfg = Debug|Any CPU
		{6A3CE59E-D442-41C8-9E78-22EB2E0175DF}.Debug|ARM.Build.0 = Debug|Any CPU
		{6A3CE59E-D442-41C8-9E78-22EB2E0175DF}.Debug|ARM.Deploy.0 = Debug|Any CPU
		{6A3CE59E-D442-41C8-9E78-22EB2E0175DF}.Debug|iPhone.ActiveCfg = Debug|Any CPU
		{6A3CE59E-D442-41C8-9E78-22EB2E0175DF}.Debug|iPhone.Build.0 = Debug|Any CPU
		{6A3CE59E-D442-41C8-9E78-22EB2E0175DF}.Debug|iPhone.Deploy.0 = Debug|Any CPU
		{6A3CE59E-D442-41C8-9E78-22EB2E0175DF}.Debug|iPhoneSimulator.ActiveCfg = Debug|Any CPU
		{6A3CE59E-D442-41C8-9E78-22EB2E0175DF}.Debug|iPhoneSimulator.Build.0 = Debug|Any CPU
		{6A3CE59E-D442-41C8-9E78-22EB2E0175DF}.Debug|iPhoneSimulator.Deploy.0 = Debug|Any CPU
		{6A3CE59E-D442-41C8-9E78-22EB2E0175DF}.Debug|x64.ActiveCfg = Debug|Any CPU
		{6A3CE59E-D442-41C8-9E78-22EB2E0175DF}.Debug|x64.Build.0 = Debug|Any CPU
		{6A3CE59E-D442-41C8-9E78-22EB2E0175DF}.Debug|x64.Deploy.0 = Debug|Any CPU
		{6A3CE59E-D442-41C8-9E78-22EB2E0175DF}.Debug|x86.ActiveCfg = Debug|Any CPU
		{6A3CE59E-D442-41C8-9E78-22EB2E0175DF}.Debug|x86.Build.0 = Debug|Any CPU
		{6A3CE59E-D442-41C8-9E78-22EB2E0175DF}.Debug|x86.Deploy.0 = Debug|Any CPU
		{6A3CE59E-D442-41C8-9E78-22EB2E0175DF}.Release|Any CPU.ActiveCfg = Release|Any CPU
		{6A3CE59E-D442-41C8-9E78-22EB2E0175DF}.Release|Any CPU.Build.0 = Release|Any CPU
		{6A3CE59E-D442-41C8-9E78-22EB2E0175DF}.Release|Any CPU.Deploy.0 = Release|Any CPU
		{6A3CE59E-D442-41C8-9E78-22EB2E0175DF}.Release|ARM.ActiveCfg = Release|Any CPU
		{6A3CE59E-D442-41C8-9E78-22EB2E0175DF}.Release|ARM.Build.0 = Release|Any CPU
		{6A3CE59E-D442-41C8-9E78-22EB2E0175DF}.Release|ARM.Deploy.0 = Release|Any CPU
		{6A3CE59E-D442-41C8-9E78-22EB2E0175DF}.Release|iPhone.ActiveCfg = Release|Any CPU
		{6A3CE59E-D442-41C8-9E78-22EB2E0175DF}.Release|iPhone.Build.0 = Release|Any CPU
		{6A3CE59E-D442-41C8-9E78-22EB2E0175DF}.Release|iPhone.Deploy.0 = Release|Any CPU
		{6A3CE59E-D442-41C8-9E78-22EB2E0175DF}.Release|iPhoneSimulator.ActiveCfg = Release|Any CPU
		{6A3CE59E-D442-41C8-9E78-22EB2E0175DF}.Release|iPhoneSimulator.Build.0 = Release|Any CPU
		{6A3CE59E-D442-41C8-9E78-22EB2E0175DF}.Release|iPhoneSimulator.Deploy.0 = Release|Any CPU
		{6A3CE59E-D442-41C8-9E78-22EB2E0175DF}.Release|x64.ActiveCfg = Release|Any CPU
		{6A3CE59E-D442-41C8-9E78-22EB2E0175DF}.Release|x64.Build.0 = Release|Any CPU
		{6A3CE59E-D442-41C8-9E78-22EB2E0175DF}.Release|x64.Deploy.0 = Release|Any CPU
		{6A3CE59E-D442-41C8-9E78-22EB2E0175DF}.Release|x86.ActiveCfg = Release|Any CPU
		{6A3CE59E-D442-41C8-9E78-22EB2E0175DF}.Release|x86.Build.0 = Release|Any CPU
		{6A3CE59E-D442-41C8-9E78-22EB2E0175DF}.Release|x86.Deploy.0 = Release|Any CPU
		{98A41056-5411-40CA-9492-89AF3FB6E3B2}.Debug|Any CPU.ActiveCfg = Debug|iPhoneSimulator
		{98A41056-5411-40CA-9492-89AF3FB6E3B2}.Debug|Any CPU.Build.0 = Debug|iPhoneSimulator
		{98A41056-5411-40CA-9492-89AF3FB6E3B2}.Debug|Any CPU.Deploy.0 = Debug|iPhoneSimulator
		{98A41056-5411-40CA-9492-89AF3FB6E3B2}.Debug|ARM.ActiveCfg = Debug|iPhone
		{98A41056-5411-40CA-9492-89AF3FB6E3B2}.Debug|ARM.Build.0 = Debug|iPhone
		{98A41056-5411-40CA-9492-89AF3FB6E3B2}.Debug|ARM.Deploy.0 = Debug|iPhone
		{98A41056-5411-40CA-9492-89AF3FB6E3B2}.Debug|iPhone.ActiveCfg = Debug|iPhone
		{98A41056-5411-40CA-9492-89AF3FB6E3B2}.Debug|iPhone.Build.0 = Debug|iPhone
		{98A41056-5411-40CA-9492-89AF3FB6E3B2}.Debug|iPhone.Deploy.0 = Debug|iPhone
		{98A41056-5411-40CA-9492-89AF3FB6E3B2}.Debug|iPhoneSimulator.ActiveCfg = Debug|iPhoneSimulator
		{98A41056-5411-40CA-9492-89AF3FB6E3B2}.Debug|iPhoneSimulator.Build.0 = Debug|iPhoneSimulator
		{98A41056-5411-40CA-9492-89AF3FB6E3B2}.Debug|iPhoneSimulator.Deploy.0 = Debug|iPhoneSimulator
		{98A41056-5411-40CA-9492-89AF3FB6E3B2}.Debug|x64.ActiveCfg = Debug|iPhoneSimulator
		{98A41056-5411-40CA-9492-89AF3FB6E3B2}.Debug|x64.Build.0 = Debug|iPhoneSimulator
		{98A41056-5411-40CA-9492-89AF3FB6E3B2}.Debug|x64.Deploy.0 = Debug|iPhoneSimulator
		{98A41056-5411-40CA-9492-89AF3FB6E3B2}.Debug|x86.ActiveCfg = Debug|iPhoneSimulator
		{98A41056-5411-40CA-9492-89AF3FB6E3B2}.Debug|x86.Build.0 = Debug|iPhoneSimulator
		{98A41056-5411-40CA-9492-89AF3FB6E3B2}.Debug|x86.Deploy.0 = Debug|iPhoneSimulator
		{98A41056-5411-40CA-9492-89AF3FB6E3B2}.Release|Any CPU.ActiveCfg = Release|iPhoneSimulator
		{98A41056-5411-40CA-9492-89AF3FB6E3B2}.Release|Any CPU.Build.0 = Release|iPhoneSimulator
		{98A41056-5411-40CA-9492-89AF3FB6E3B2}.Release|Any CPU.Deploy.0 = Release|iPhoneSimulator
		{98A41056-5411-40CA-9492-89AF3FB6E3B2}.Release|ARM.ActiveCfg = Release|iPhoneSimulator
		{98A41056-5411-40CA-9492-89AF3FB6E3B2}.Release|ARM.Build.0 = Release|iPhoneSimulator
		{98A41056-5411-40CA-9492-89AF3FB6E3B2}.Release|ARM.Deploy.0 = Release|iPhoneSimulator
		{98A41056-5411-40CA-9492-89AF3FB6E3B2}.Release|iPhone.ActiveCfg = Release|iPhone
		{98A41056-5411-40CA-9492-89AF3FB6E3B2}.Release|iPhone.Build.0 = Release|iPhone
		{98A41056-5411-40CA-9492-89AF3FB6E3B2}.Release|iPhone.Deploy.0 = Release|iPhone
		{98A41056-5411-40CA-9492-89AF3FB6E3B2}.Release|iPhoneSimulator.ActiveCfg = Release|iPhoneSimulator
		{98A41056-5411-40CA-9492-89AF3FB6E3B2}.Release|iPhoneSimulator.Build.0 = Release|iPhoneSimulator
		{98A41056-5411-40CA-9492-89AF3FB6E3B2}.Release|iPhoneSimulator.Deploy.0 = Release|iPhoneSimulator
		{98A41056-5411-40CA-9492-89AF3FB6E3B2}.Release|x64.ActiveCfg = Release|iPhoneSimulator
		{98A41056-5411-40CA-9492-89AF3FB6E3B2}.Release|x64.Build.0 = Release|iPhoneSimulator
		{98A41056-5411-40CA-9492-89AF3FB6E3B2}.Release|x64.Deploy.0 = Release|iPhoneSimulator
		{98A41056-5411-40CA-9492-89AF3FB6E3B2}.Release|x86.ActiveCfg = Release|iPhoneSimulator
		{98A41056-5411-40CA-9492-89AF3FB6E3B2}.Release|x86.Build.0 = Release|iPhoneSimulator
		{98A41056-5411-40CA-9492-89AF3FB6E3B2}.Release|x86.Deploy.0 = Release|iPhoneSimulator
		{E4A7137B-9A58-4B59-AD46-8F2DB2D70AC2}.Debug|Any CPU.ActiveCfg = Debug|Any CPU
		{E4A7137B-9A58-4B59-AD46-8F2DB2D70AC2}.Debug|Any CPU.Build.0 = Debug|Any CPU
		{E4A7137B-9A58-4B59-AD46-8F2DB2D70AC2}.Debug|Any CPU.Deploy.0 = Debug|Any CPU
		{E4A7137B-9A58-4B59-AD46-8F2DB2D70AC2}.Debug|ARM.ActiveCfg = Debug|Any CPU
		{E4A7137B-9A58-4B59-AD46-8F2DB2D70AC2}.Debug|ARM.Build.0 = Debug|Any CPU
		{E4A7137B-9A58-4B59-AD46-8F2DB2D70AC2}.Debug|ARM.Deploy.0 = Debug|Any CPU
		{E4A7137B-9A58-4B59-AD46-8F2DB2D70AC2}.Debug|iPhone.ActiveCfg = Debug|Any CPU
		{E4A7137B-9A58-4B59-AD46-8F2DB2D70AC2}.Debug|iPhone.Build.0 = Debug|Any CPU
		{E4A7137B-9A58-4B59-AD46-8F2DB2D70AC2}.Debug|iPhone.Deploy.0 = Debug|Any CPU
		{E4A7137B-9A58-4B59-AD46-8F2DB2D70AC2}.Debug|iPhoneSimulator.ActiveCfg = Debug|Any CPU
		{E4A7137B-9A58-4B59-AD46-8F2DB2D70AC2}.Debug|iPhoneSimulator.Build.0 = Debug|Any CPU
		{E4A7137B-9A58-4B59-AD46-8F2DB2D70AC2}.Debug|iPhoneSimulator.Deploy.0 = Debug|Any CPU
		{E4A7137B-9A58-4B59-AD46-8F2DB2D70AC2}.Debug|x64.ActiveCfg = Debug|Any CPU
		{E4A7137B-9A58-4B59-AD46-8F2DB2D70AC2}.Debug|x64.Build.0 = Debug|Any CPU
		{E4A7137B-9A58-4B59-AD46-8F2DB2D70AC2}.Debug|x64.Deploy.0 = Debug|Any CPU
		{E4A7137B-9A58-4B59-AD46-8F2DB2D70AC2}.Debug|x86.ActiveCfg = Debug|Any CPU
		{E4A7137B-9A58-4B59-AD46-8F2DB2D70AC2}.Debug|x86.Build.0 = Debug|Any CPU
		{E4A7137B-9A58-4B59-AD46-8F2DB2D70AC2}.Debug|x86.Deploy.0 = Debug|Any CPU
		{E4A7137B-9A58-4B59-AD46-8F2DB2D70AC2}.Release|Any CPU.ActiveCfg = Release|Any CPU
		{E4A7137B-9A58-4B59-AD46-8F2DB2D70AC2}.Release|Any CPU.Build.0 = Release|Any CPU
		{E4A7137B-9A58-4B59-AD46-8F2DB2D70AC2}.Release|Any CPU.Deploy.0 = Release|Any CPU
		{E4A7137B-9A58-4B59-AD46-8F2DB2D70AC2}.Release|ARM.ActiveCfg = Release|Any CPU
		{E4A7137B-9A58-4B59-AD46-8F2DB2D70AC2}.Release|ARM.Build.0 = Release|Any CPU
		{E4A7137B-9A58-4B59-AD46-8F2DB2D70AC2}.Release|ARM.Deploy.0 = Release|Any CPU
		{E4A7137B-9A58-4B59-AD46-8F2DB2D70AC2}.Release|iPhone.ActiveCfg = Release|Any CPU
		{E4A7137B-9A58-4B59-AD46-8F2DB2D70AC2}.Release|iPhone.Build.0 = Release|Any CPU
		{E4A7137B-9A58-4B59-AD46-8F2DB2D70AC2}.Release|iPhone.Deploy.0 = Release|Any CPU
		{E4A7137B-9A58-4B59-AD46-8F2DB2D70AC2}.Release|iPhoneSimulator.ActiveCfg = Release|Any CPU
		{E4A7137B-9A58-4B59-AD46-8F2DB2D70AC2}.Release|iPhoneSimulator.Build.0 = Release|Any CPU
		{E4A7137B-9A58-4B59-AD46-8F2DB2D70AC2}.Release|iPhoneSimulator.Deploy.0 = Release|Any CPU
		{E4A7137B-9A58-4B59-AD46-8F2DB2D70AC2}.Release|x64.ActiveCfg = Release|Any CPU
		{E4A7137B-9A58-4B59-AD46-8F2DB2D70AC2}.Release|x64.Build.0 = Release|Any CPU
		{E4A7137B-9A58-4B59-AD46-8F2DB2D70AC2}.Release|x64.Deploy.0 = Release|Any CPU
		{E4A7137B-9A58-4B59-AD46-8F2DB2D70AC2}.Release|x86.ActiveCfg = Release|Any CPU
		{E4A7137B-9A58-4B59-AD46-8F2DB2D70AC2}.Release|x86.Build.0 = Release|Any CPU
		{E4A7137B-9A58-4B59-AD46-8F2DB2D70AC2}.Release|x86.Deploy.0 = Release|Any CPU
	EndGlobalSection
	GlobalSection(SolutionProperties) = preSolution
		HideSolutionNode = FALSE
	EndGlobalSection
	GlobalSection(ExtensibilityGlobals) = postSolution
		SolutionGuid = {C2FD4712-B433-47C6-A19D-13379D40A3CE}
	EndGlobalSection
EndGlobal
