
Microsoft Visual Studio Solution File, Format Version 12.00
# Visual Studio Version 16
VisualStudioVersion = 16.0.31624.102
MinimumVisualStudioVersion = 10.0.40219.1
Project("{FAE04EC0-301F-11D3-BF4B-00C04F79EFBC}") = "DeliveryApp.UWP", "DeliveryApp\DeliveryApp.UWP\DeliveryApp.UWP.csproj", "{9A22D9A6-1B2E-4062-A589-86E42B6DEB8E}"
EndProject
Project("{FAE04EC0-301F-11D3-BF4B-00C04F79EFBC}") = "DeliveryApp.Android", "DeliveryApp\DeliveryApp.Android\DeliveryApp.Android.csproj", "{CEE317EE-A7B8-4FD4-9ACD-CDB3DE36E28F}"
EndProject
Project("{FAE04EC0-301F-11D3-BF4B-00C04F79EFBC}") = "DeliveryApp.iOS", "DeliveryApp\DeliveryApp.iOS\DeliveryApp.iOS.csproj", "{BFC34022-A3A9-4964-8264-8DC109BC7AEF}"
EndProject
Project("{FAE04EC0-301F-11D3-BF4B-00C04F79EFBC}") = "DeliveryApp", "DeliveryApp\DeliveryApp\DeliveryApp.csproj", "{40AE1D99-A358-429C-B3D7-DC81D80F9EBB}"
EndProject
Global
	GlobalSection(SolutionConfigurationPlatforms) = preSolution
		Debug|Any CPU = Debug|Any CPU
		Debug|ARM = Debug|ARM
		Debug|iPhone = Debug|iPhone
		Debug|iPhoneSimulator = Debug|iPhoneSimulator
		Debug|x64 = Debug|x64
		Debug|x86 = Debug|x86
		Release|Any CPU = Release|Any CPU
		Release|ARM = Release|ARM
		Release|iPhone = Release|iPhone
		Release|iPhoneSimulator = Release|iPhoneSimulator
		Release|x64 = Release|x64
		Release|x86 = Release|x86
	EndGlobalSection
	GlobalSection(ProjectConfigurationPlatforms) = postSolution
		{9A22D9A6-1B2E-4062-A589-86E42B6DEB8E}.Debug|Any CPU.ActiveCfg = Debug|x86
		{9A22D9A6-1B2E-4062-A589-86E42B6DEB8E}.Debug|Any CPU.Build.0 = Debug|x86
		{9A22D9A6-1B2E-4062-A589-86E42B6DEB8E}.Debug|Any CPU.Deploy.0 = Debug|x86
		{9A22D9A6-1B2E-4062-A589-86E42B6DEB8E}.Debug|ARM.ActiveCfg = Debug|ARM
		{9A22D9A6-1B2E-4062-A589-86E42B6DEB8E}.Debug|ARM.Build.0 = Debug|ARM
		{9A22D9A6-1B2E-4062-A589-86E42B6DEB8E}.Debug|ARM.Deploy.0 = Debug|ARM
		{9A22D9A6-1B2E-4062-A589-86E42B6DEB8E}.Debug|iPhone.ActiveCfg = Debug|x86
		{9A22D9A6-1B2E-4062-A589-86E42B6DEB8E}.Debug|iPhone.Build.0 = Debug|x86
		{9A22D9A6-1B2E-4062-A589-86E42B6DEB8E}.Debug|iPhone.Deploy.0 = Debug|x86
		{9A22D9A6-1B2E-4062-A589-86E42B6DEB8E}.Debug|iPhoneSimulator.ActiveCfg = Debug|x86
		{9A22D9A6-1B2E-4062-A589-86E42B6DEB8E}.Debug|iPhoneSimulator.Build.0 = Debug|x86
		{9A22D9A6-1B2E-4062-A589-86E42B6DEB8E}.Debug|iPhoneSimulator.Deploy.0 = Debug|x86
		{9A22D9A6-1B2E-4062-A589-86E42B6DEB8E}.Debug|x64.ActiveCfg = Debug|x64
		{9A22D9A6-1B2E-4062-A589-86E42B6DEB8E}.Debug|x64.Build.0 = Debug|x64
		{9A22D9A6-1B2E-4062-A589-86E42B6DEB8E}.Debug|x64.Deploy.0 = Debug|x64
		{9A22D9A6-1B2E-4062-A589-86E42B6DEB8E}.Debug|x86.ActiveCfg = Debug|x86
		{9A22D9A6-1B2E-4062-A589-86E42B6DEB8E}.Debug|x86.Build.0 = Debug|x86
		{9A22D9A6-1B2E-4062-A589-86E42B6DEB8E}.Debug|x86.Deploy.0 = Debug|x86
		{9A22D9A6-1B2E-4062-A589-86E42B6DEB8E}.Release|Any CPU.ActiveCfg = Release|x86
		{9A22D9A6-1B2E-4062-A589-86E42B6DEB8E}.Release|Any CPU.Build.0 = Release|x86
		{9A22D9A6-1B2E-4062-A589-86E42B6DEB8E}.Release|Any CPU.Deploy.0 = Release|x86
		{9A22D9A6-1B2E-4062-A589-86E42B6DEB8E}.Release|ARM.ActiveCfg = Release|ARM
		{9A22D9A6-1B2E-4062-A589-86E42B6DEB8E}.Release|ARM.Build.0 = Release|ARM
		{9A22D9A6-1B2E-4062-A589-86E42B6DEB8E}.Release|ARM.Deploy.0 = Release|ARM
		{9A22D9A6-1B2E-4062-A589-86E42B6DEB8E}.Release|iPhone.ActiveCfg = Release|x86
		{9A22D9A6-1B2E-4062-A589-86E42B6DEB8E}.Release|iPhone.Build.0 = Release|x86
		{9A22D9A6-1B2E-4062-A589-86E42B6DEB8E}.Release|iPhone.Deploy.0 = Release|x86
		{9A22D9A6-1B2E-4062-A589-86E42B6DEB8E}.Release|iPhoneSimulator.ActiveCfg = Release|x86
		{9A22D9A6-1B2E-4062-A589-86E42B6DEB8E}.Release|iPhoneSimulator.Build.0 = Release|x86
		{9A22D9A6-1B2E-4062-A589-86E42B6DEB8E}.Release|iPhoneSimulator.Deploy.0 = Release|x86
		{9A22D9A6-1B2E-4062-A589-86E42B6DEB8E}.Release|x64.ActiveCfg = Release|x64
		{9A22D9A6-1B2E-4062-A589-86E42B6DEB8E}.Release|x64.Build.0 = Release|x64
		{9A22D9A6-1B2E-4062-A589-86E42B6DEB8E}.Release|x64.Deploy.0 = Release|x64
		{9A22D9A6-1B2E-4062-A589-86E42B6DEB8E}.Release|x86.ActiveCfg = Release|x86
		{9A22D9A6-1B2E-4062-A589-86E42B6DEB8E}.Release|x86.Build.0 = Release|x86
		{9A22D9A6-1B2E-4062-A589-86E42B6DEB8E}.Release|x86.Deploy.0 = Release|x86
		{CEE317EE-A7B8-4FD4-9ACD-CDB3DE36E28F}.Debug|Any CPU.ActiveCfg = Debug|Any CPU
		{CEE317EE-A7B8-4FD4-9ACD-CDB3DE36E28F}.Debug|Any CPU.Build.0 = Debug|Any CPU
		{CEE317EE-A7B8-4FD4-9ACD-CDB3DE36E28F}.Debug|Any CPU.Deploy.0 = Debug|Any CPU
		{CEE317EE-A7B8-4FD4-9ACD-CDB3DE36E28F}.Debug|ARM.ActiveCfg = Debug|Any CPU
		{CEE317EE-A7B8-4FD4-9ACD-CDB3DE36E28F}.Debug|ARM.Build.0 = Debug|Any CPU
		{CEE317EE-A7B8-4FD4-9ACD-CDB3DE36E28F}.Debug|ARM.Deploy.0 = Debug|Any CPU
		{CEE317EE-A7B8-4FD4-9ACD-CDB3DE36E28F}.Debug|iPhone.ActiveCfg = Debug|Any CPU
		{CEE317EE-A7B8-4FD4-9ACD-CDB3DE36E28F}.Debug|iPhone.Build.0 = Debug|Any CPU
		{CEE317EE-A7B8-4FD4-9ACD-CDB3DE36E28F}.Debug|iPhone.Deploy.0 = Debug|Any CPU
		{CEE317EE-A7B8-4FD4-9ACD-CDB3DE36E28F}.Debug|iPhoneSimulator.ActiveCfg = Debug|Any CPU
		{CEE317EE-A7B8-4FD4-9ACD-CDB3DE36E28F}.Debug|iPhoneSimulator.Build.0 = Debug|Any CPU
		{CEE317EE-A7B8-4FD4-9ACD-CDB3DE36E28F}.Debug|iPhoneSimulator.Deploy.0 = Debug|Any CPU
		{CEE317EE-A7B8-4FD4-9ACD-CDB3DE36E28F}.Debug|x64.ActiveCfg = Debug|Any CPU
		{CEE317EE-A7B8-4FD4-9ACD-CDB3DE36E28F}.Debug|x64.Build.0 = Debug|Any CPU
		{CEE317EE-A7B8-4FD4-9ACD-CDB3DE36E28F}.Debug|x64.Deploy.0 = Debug|Any CPU
		{CEE317EE-A7B8-4FD4-9ACD-CDB3DE36E28F}.Debug|x86.ActiveCfg = Debug|Any CPU
		{CEE317EE-A7B8-4FD4-9ACD-CDB3DE36E28F}.Debug|x86.Build.0 = Debug|Any CPU
		{CEE317EE-A7B8-4FD4-9ACD-CDB3DE36E28F}.Debug|x86.Deploy.0 = Debug|Any CPU
		{CEE317EE-A7B8-4FD4-9ACD-CDB3DE36E28F}.Release|Any CPU.ActiveCfg = Release|Any CPU
		{CEE317EE-A7B8-4FD4-9ACD-CDB3DE36E28F}.Release|Any CPU.Build.0 = Release|Any CPU
		{CEE317EE-A7B8-4FD4-9ACD-CDB3DE36E28F}.Release|Any CPU.Deploy.0 = Release|Any CPU
		{CEE317EE-A7B8-4FD4-9ACD-CDB3DE36E28F}.Release|ARM.ActiveCfg = Release|Any CPU
		{CEE317EE-A7B8-4FD4-9ACD-CDB3DE36E28F}.Release|ARM.Build.0 = Release|Any CPU
		{CEE317EE-A7B8-4FD4-9ACD-CDB3DE36E28F}.Release|ARM.Deploy.0 = Release|Any CPU
		{CEE317EE-A7B8-4FD4-9ACD-CDB3DE36E28F}.Release|iPhone.ActiveCfg = Release|Any CPU
		{CEE317EE-A7B8-4FD4-9ACD-CDB3DE36E28F}.Release|iPhone.Build.0 = Release|Any CPU
		{CEE317EE-A7B8-4FD4-9ACD-CDB3DE36E28F}.Release|iPhone.Deploy.0 = Release|Any CPU
		{CEE317EE-A7B8-4FD4-9ACD-CDB3DE36E28F}.Release|iPhoneSimulator.ActiveCfg = Release|Any CPU
		{CEE317EE-A7B8-4FD4-9ACD-CDB3DE36E28F}.Release|iPhoneSimulator.Build.0 = Release|Any CPU
		{CEE317EE-A7B8-4FD4-9ACD-CDB3DE36E28F}.Release|iPhoneSimulator.Deploy.0 = Release|Any CPU
		{CEE317EE-A7B8-4FD4-9ACD-CDB3DE36E28F}.Release|x64.ActiveCfg = Release|Any CPU
		{CEE317EE-A7B8-4FD4-9ACD-CDB3DE36E28F}.Release|x64.Build.0 = Release|Any CPU
		{CEE317EE-A7B8-4FD4-9ACD-CDB3DE36E28F}.Release|x64.Deploy.0 = Release|Any CPU
		{CEE317EE-A7B8-4FD4-9ACD-CDB3DE36E28F}.Release|x86.ActiveCfg = Release|Any CPU
		{CEE317EE-A7B8-4FD4-9ACD-CDB3DE36E28F}.Release|x86.Build.0 = Release|Any CPU
		{CEE317EE-A7B8-4FD4-9ACD-CDB3DE36E28F}.Release|x86.Deploy.0 = Release|Any CPU
		{BFC34022-A3A9-4964-8264-8DC109BC7AEF}.Debug|Any CPU.ActiveCfg = Debug|iPhoneSimulator
		{BFC34022-A3A9-4964-8264-8DC109BC7AEF}.Debug|Any CPU.Build.0 = Debug|iPhoneSimulator
		{BFC34022-A3A9-4964-8264-8DC109BC7AEF}.Debug|Any CPU.Deploy.0 = Debug|iPhoneSimulator
		{BFC34022-A3A9-4964-8264-8DC109BC7AEF}.Debug|ARM.ActiveCfg = Debug|iPhone
		{BFC34022-A3A9-4964-8264-8DC109BC7AEF}.Debug|ARM.Build.0 = Debug|iPhone
		{BFC34022-A3A9-4964-8264-8DC109BC7AEF}.Debug|ARM.Deploy.0 = Debug|iPhone
		{BFC34022-A3A9-4964-8264-8DC109BC7AEF}.Debug|iPhone.ActiveCfg = Debug|iPhone
		{BFC34022-A3A9-4964-8264-8DC109BC7AEF}.Debug|iPhone.Build.0 = Debug|iPhone
		{BFC34022-A3A9-4964-8264-8DC109BC7AEF}.Debug|iPhone.Deploy.0 = Debug|iPhone
		{BFC34022-A3A9-4964-8264-8DC109BC7AEF}.Debug|iPhoneSimulator.ActiveCfg = Debug|iPhoneSimulator
		{BFC34022-A3A9-4964-8264-8DC109BC7AEF}.Debug|iPhoneSimulator.Build.0 = Debug|iPhoneSimulator
		{BFC34022-A3A9-4964-8264-8DC109BC7AEF}.Debug|iPhoneSimulator.Deploy.0 = Debug|iPhoneSimulator
		{BFC34022-A3A9-4964-8264-8DC109BC7AEF}.Debug|x64.ActiveCfg = Debug|iPhoneSimulator
		{BFC34022-A3A9-4964-8264-8DC109BC7AEF}.Debug|x64.Build.0 = Debug|iPhoneSimulator
		{BFC34022-A3A9-4964-8264-8DC109BC7AEF}.Debug|x64.Deploy.0 = Debug|iPhoneSimulator
		{BFC34022-A3A9-4964-8264-8DC109BC7AEF}.Debug|x86.ActiveCfg = Debug|iPhoneSimulator
		{BFC34022-A3A9-4964-8264-8DC109BC7AEF}.Debug|x86.Build.0 = Debug|iPhoneSimulator
		{BFC34022-A3A9-4964-8264-8DC109BC7AEF}.Debug|x86.Deploy.0 = Debug|iPhoneSimulator
		{BFC34022-A3A9-4964-8264-8DC109BC7AEF}.Release|Any CPU.ActiveCfg = Release|iPhoneSimulator
		{BFC34022-A3A9-4964-8264-8DC109BC7AEF}.Release|Any CPU.Build.0 = Release|iPhoneSimulator
		{BFC34022-A3A9-4964-8264-8DC109BC7AEF}.Release|Any CPU.Deploy.0 = Release|iPhoneSimulator
		{BFC34022-A3A9-4964-8264-8DC109BC7AEF}.Release|ARM.ActiveCfg = Release|iPhoneSimulator
		{BFC34022-A3A9-4964-8264-8DC109BC7AEF}.Release|ARM.Build.0 = Release|iPhoneSimulator
		{BFC34022-A3A9-4964-8264-8DC109BC7AEF}.Release|ARM.Deploy.0 = Release|iPhoneSimulator
		{BFC34022-A3A9-4964-8264-8DC109BC7AEF}.Release|iPhone.ActiveCfg = Release|iPhone
		{BFC34022-A3A9-4964-8264-8DC109BC7AEF}.Release|iPhone.Build.0 = Release|iPhone
		{BFC34022-A3A9-4964-8264-8DC109BC7AEF}.Release|iPhone.Deploy.0 = Release|iPhone
		{BFC34022-A3A9-4964-8264-8DC109BC7AEF}.Release|iPhoneSimulator.ActiveCfg = Release|iPhoneSimulator
		{BFC34022-A3A9-4964-8264-8DC109BC7AEF}.Release|iPhoneSimulator.Build.0 = Release|iPhoneSimulator
		{BFC34022-A3A9-4964-8264-8DC109BC7AEF}.Release|iPhoneSimulator.Deploy.0 = Release|iPhoneSimulator
		{BFC34022-A3A9-4964-8264-8DC109BC7AEF}.Release|x64.ActiveCfg = Release|iPhoneSimulator
		{BFC34022-A3A9-4964-8264-8DC109BC7AEF}.Release|x64.Build.0 = Release|iPhoneSimulator
		{BFC34022-A3A9-4964-8264-8DC109BC7AEF}.Release|x64.Deploy.0 = Release|iPhoneSimulator
		{BFC34022-A3A9-4964-8264-8DC109BC7AEF}.Release|x86.ActiveCfg = Release|iPhoneSimulator
		{BFC34022-A3A9-4964-8264-8DC109BC7AEF}.Release|x86.Build.0 = Release|iPhoneSimulator
		{BFC34022-A3A9-4964-8264-8DC109BC7AEF}.Release|x86.Deploy.0 = Release|iPhoneSimulator
		{40AE1D99-A358-429C-B3D7-DC81D80F9EBB}.Debug|Any CPU.ActiveCfg = Debug|Any CPU
		{40AE1D99-A358-429C-B3D7-DC81D80F9EBB}.Debug|Any CPU.Build.0 = Debug|Any CPU
		{40AE1D99-A358-429C-B3D7-DC81D80F9EBB}.Debug|Any CPU.Deploy.0 = Debug|Any CPU
		{40AE1D99-A358-429C-B3D7-DC81D80F9EBB}.Debug|ARM.ActiveCfg = Debug|Any CPU
		{40AE1D99-A358-429C-B3D7-DC81D80F9EBB}.Debug|ARM.Build.0 = Debug|Any CPU
		{40AE1D99-A358-429C-B3D7-DC81D80F9EBB}.Debug|ARM.Deploy.0 = Debug|Any CPU
		{40AE1D99-A358-429C-B3D7-DC81D80F9EBB}.Debug|iPhone.ActiveCfg = Debug|Any CPU
		{40AE1D99-A358-429C-B3D7-DC81D80F9EBB}.Debug|iPhone.Build.0 = Debug|Any CPU
		{40AE1D99-A358-429C-B3D7-DC81D80F9EBB}.Debug|iPhone.Deploy.0 = Debug|Any CPU
		{40AE1D99-A358-429C-B3D7-DC81D80F9EBB}.Debug|iPhoneSimulator.ActiveCfg = Debug|Any CPU
		{40AE1D99-A358-429C-B3D7-DC81D80F9EBB}.Debug|iPhoneSimulator.Build.0 = Debug|Any CPU
		{40AE1D99-A358-429C-B3D7-DC81D80F9EBB}.Debug|iPhoneSimulator.Deploy.0 = Debug|Any CPU
		{40AE1D99-A358-429C-B3D7-DC81D80F9EBB}.Debug|x64.ActiveCfg = Debug|Any CPU
		{40AE1D99-A358-429C-B3D7-DC81D80F9EBB}.Debug|x64.Build.0 = Debug|Any CPU
		{40AE1D99-A358-429C-B3D7-DC81D80F9EBB}.Debug|x64.Deploy.0 = Debug|Any CPU
		{40AE1D99-A358-429C-B3D7-DC81D80F9EBB}.Debug|x86.ActiveCfg = Debug|Any CPU
		{40AE1D99-A358-429C-B3D7-DC81D80F9EBB}.Debug|x86.Build.0 = Debug|Any CPU
		{40AE1D99-A358-429C-B3D7-DC81D80F9EBB}.Debug|x86.Deploy.0 = Debug|Any CPU
		{40AE1D99-A358-429C-B3D7-DC81D80F9EBB}.Release|Any CPU.ActiveCfg = Release|Any CPU
		{40AE1D99-A358-429C-B3D7-DC81D80F9EBB}.Release|Any CPU.Build.0 = Release|Any CPU
		{40AE1D99-A358-429C-B3D7-DC81D80F9EBB}.Release|Any CPU.Deploy.0 = Release|Any CPU
		{40AE1D99-A358-429C-B3D7-DC81D80F9EBB}.Release|ARM.ActiveCfg = Release|Any CPU
		{40AE1D99-A358-429C-B3D7-DC81D80F9EBB}.Release|ARM.Build.0 = Release|Any CPU
		{40AE1D99-A358-429C-B3D7-DC81D80F9EBB}.Release|ARM.Deploy.0 = Release|Any CPU
		{40AE1D99-A358-429C-B3D7-DC81D80F9EBB}.Release|iPhone.ActiveCfg = Release|Any CPU
		{40AE1D99-A358-429C-B3D7-DC81D80F9EBB}.Release|iPhone.Build.0 = Release|Any CPU
		{40AE1D99-A358-429C-B3D7-DC81D80F9EBB}.Release|iPhone.Deploy.0 = Release|Any CPU
		{40AE1D99-A358-429C-B3D7-DC81D80F9EBB}.Release|iPhoneSimulator.ActiveCfg = Release|Any CPU
		{40AE1D99-A358-429C-B3D7-DC81D80F9EBB}.Release|iPhoneSimulator.Build.0 = Release|Any CPU
		{40AE1D99-A358-429C-B3D7-DC81D80F9EBB}.Release|iPhoneSimulator.Deploy.0 = Release|Any CPU
		{40AE1D99-A358-429C-B3D7-DC81D80F9EBB}.Release|x64.ActiveCfg = Release|Any CPU
		{40AE1D99-A358-429C-B3D7-DC81D80F9EBB}.Release|x64.Build.0 = Release|Any CPU
		{40AE1D99-A358-429C-B3D7-DC81D80F9EBB}.Release|x64.Deploy.0 = Release|Any CPU
		{40AE1D99-A358-429C-B3D7-DC81D80F9EBB}.Release|x86.ActiveCfg = Release|Any CPU
		{40AE1D99-A358-429C-B3D7-DC81D80F9EBB}.Release|x86.Build.0 = Release|Any CPU
		{40AE1D99-A358-429C-B3D7-DC81D80F9EBB}.Release|x86.Deploy.0 = Release|Any CPU
	EndGlobalSection
	GlobalSection(SolutionProperties) = preSolution
		HideSolutionNode = FALSE
	EndGlobalSection
	GlobalSection(ExtensibilityGlobals) = postSolution
		SolutionGuid = {E01284EF-8A35-4C94-9E4E-618C27CEF3C6}
	EndGlobalSection
EndGlobal
