
Microsoft Visual Studio Solution File, Format Version 12.00
# Visual Studio Version 16
VisualStudioVersion = 16.0.31624.102
MinimumVisualStudioVersion = 10.0.40219.1
Project("{FAE04EC0-301F-11D3-BF4B-00C04F79EFBC}") = "BanderasApp.UWP", "BanderasApp\BanderasApp.UWP\BanderasApp.UWP.csproj", "{6FAD27CF-9F28-437A-B2B7-1DBC5BCFC857}"
EndProject
Project("{FAE04EC0-301F-11D3-BF4B-00C04F79EFBC}") = "BanderasApp.Android", "BanderasApp\BanderasApp.Android\BanderasApp.Android.csproj", "{7CE8260C-0962-4ED4-85D3-527BDDA83047}"
EndProject
Project("{FAE04EC0-301F-11D3-BF4B-00C04F79EFBC}") = "BanderasApp.iOS", "BanderasApp\BanderasApp.iOS\BanderasApp.iOS.csproj", "{B0364CDC-404E-46C5-8B6F-5A2C9EF79F00}"
EndProject
Project("{FAE04EC0-301F-11D3-BF4B-00C04F79EFBC}") = "BanderasApp", "BanderasApp\BanderasApp\BanderasApp.csproj", "{E9927B6A-4E31-48DD-BF19-E92B8C3599A6}"
EndProject
Global
	GlobalSection(SolutionConfigurationPlatforms) = preSolution
		Debug|Any CPU = Debug|Any CPU
		Debug|ARM = Debug|ARM
		Debug|iPhone = Debug|iPhone
		Debug|iPhoneSimulator = Debug|iPhoneSimulator
		Debug|x64 = Debug|x64
		Debug|x86 = Debug|x86
		Release|Any CPU = Release|Any CPU
		Release|ARM = Release|ARM
		Release|iPhone = Release|iPhone
		Release|iPhoneSimulator = Release|iPhoneSimulator
		Release|x64 = Release|x64
		Release|x86 = Release|x86
	EndGlobalSection
	GlobalSection(ProjectConfigurationPlatforms) = postSolution
		{6FAD27CF-9F28-437A-B2B7-1DBC5BCFC857}.Debug|Any CPU.ActiveCfg = Debug|x86
		{6FAD27CF-9F28-437A-B2B7-1DBC5BCFC857}.Debug|Any CPU.Build.0 = Debug|x86
		{6FAD27CF-9F28-437A-B2B7-1DBC5BCFC857}.Debug|Any CPU.Deploy.0 = Debug|x86
		{6FAD27CF-9F28-437A-B2B7-1DBC5BCFC857}.Debug|ARM.ActiveCfg = Debug|ARM
		{6FAD27CF-9F28-437A-B2B7-1DBC5BCFC857}.Debug|ARM.Build.0 = Debug|ARM
		{6FAD27CF-9F28-437A-B2B7-1DBC5BCFC857}.Debug|ARM.Deploy.0 = Debug|ARM
		{6FAD27CF-9F28-437A-B2B7-1DBC5BCFC857}.Debug|iPhone.ActiveCfg = Debug|x86
		{6FAD27CF-9F28-437A-B2B7-1DBC5BCFC857}.Debug|iPhone.Build.0 = Debug|x86
		{6FAD27CF-9F28-437A-B2B7-1DBC5BCFC857}.Debug|iPhone.Deploy.0 = Debug|x86
		{6FAD27CF-9F28-437A-B2B7-1DBC5BCFC857}.Debug|iPhoneSimulator.ActiveCfg = Debug|x86
		{6FAD27CF-9F28-437A-B2B7-1DBC5BCFC857}.Debug|iPhoneSimulator.Build.0 = Debug|x86
		{6FAD27CF-9F28-437A-B2B7-1DBC5BCFC857}.Debug|iPhoneSimulator.Deploy.0 = Debug|x86
		{6FAD27CF-9F28-437A-B2B7-1DBC5BCFC857}.Debug|x64.ActiveCfg = Debug|x64
		{6FAD27CF-9F28-437A-B2B7-1DBC5BCFC857}.Debug|x64.Build.0 = Debug|x64
		{6FAD27CF-9F28-437A-B2B7-1DBC5BCFC857}.Debug|x64.Deploy.0 = Debug|x64
		{6FAD27CF-9F28-437A-B2B7-1DBC5BCFC857}.Debug|x86.ActiveCfg = Debug|x86
		{6FAD27CF-9F28-437A-B2B7-1DBC5BCFC857}.Debug|x86.Build.0 = Debug|x86
		{6FAD27CF-9F28-437A-B2B7-1DBC5BCFC857}.Debug|x86.Deploy.0 = Debug|x86
		{6FAD27CF-9F28-437A-B2B7-1DBC5BCFC857}.Release|Any CPU.ActiveCfg = Release|x86
		{6FAD27CF-9F28-437A-B2B7-1DBC5BCFC857}.Release|Any CPU.Build.0 = Release|x86
		{6FAD27CF-9F28-437A-B2B7-1DBC5BCFC857}.Release|Any CPU.Deploy.0 = Release|x86
		{6FAD27CF-9F28-437A-B2B7-1DBC5BCFC857}.Release|ARM.ActiveCfg = Release|ARM
		{6FAD27CF-9F28-437A-B2B7-1DBC5BCFC857}.Release|ARM.Build.0 = Release|ARM
		{6FAD27CF-9F28-437A-B2B7-1DBC5BCFC857}.Release|ARM.Deploy.0 = Release|ARM
		{6FAD27CF-9F28-437A-B2B7-1DBC5BCFC857}.Release|iPhone.ActiveCfg = Release|x86
		{6FAD27CF-9F28-437A-B2B7-1DBC5BCFC857}.Release|iPhone.Build.0 = Release|x86
		{6FAD27CF-9F28-437A-B2B7-1DBC5BCFC857}.Release|iPhone.Deploy.0 = Release|x86
		{6FAD27CF-9F28-437A-B2B7-1DBC5BCFC857}.Release|iPhoneSimulator.ActiveCfg = Release|x86
		{6FAD27CF-9F28-437A-B2B7-1DBC5BCFC857}.Release|iPhoneSimulator.Build.0 = Release|x86
		{6FAD27CF-9F28-437A-B2B7-1DBC5BCFC857}.Release|iPhoneSimulator.Deploy.0 = Release|x86
		{6FAD27CF-9F28-437A-B2B7-1DBC5BCFC857}.Release|x64.ActiveCfg = Release|x64
		{6FAD27CF-9F28-437A-B2B7-1DBC5BCFC857}.Release|x64.Build.0 = Release|x64
		{6FAD27CF-9F28-437A-B2B7-1DBC5BCFC857}.Release|x64.Deploy.0 = Release|x64
		{6FAD27CF-9F28-437A-B2B7-1DBC5BCFC857}.Release|x86.ActiveCfg = Release|x86
		{6FAD27CF-9F28-437A-B2B7-1DBC5BCFC857}.Release|x86.Build.0 = Release|x86
		{6FAD27CF-9F28-437A-B2B7-1DBC5BCFC857}.Release|x86.Deploy.0 = Release|x86
		{7CE8260C-0962-4ED4-85D3-527BDDA83047}.Debug|Any CPU.ActiveCfg = Debug|Any CPU
		{7CE8260C-0962-4ED4-85D3-527BDDA83047}.Debug|Any CPU.Build.0 = Debug|Any CPU
		{7CE8260C-0962-4ED4-85D3-527BDDA83047}.Debug|Any CPU.Deploy.0 = Debug|Any CPU
		{7CE8260C-0962-4ED4-85D3-527BDDA83047}.Debug|ARM.ActiveCfg = Debug|Any CPU
		{7CE8260C-0962-4ED4-85D3-527BDDA83047}.Debug|ARM.Build.0 = Debug|Any CPU
		{7CE8260C-0962-4ED4-85D3-527BDDA83047}.Debug|ARM.Deploy.0 = Debug|Any CPU
		{7CE8260C-0962-4ED4-85D3-527BDDA83047}.Debug|iPhone.ActiveCfg = Debug|Any CPU
		{7CE8260C-0962-4ED4-85D3-527BDDA83047}.Debug|iPhone.Build.0 = Debug|Any CPU
		{7CE8260C-0962-4ED4-85D3-527BDDA83047}.Debug|iPhone.Deploy.0 = Debug|Any CPU
		{7CE8260C-0962-4ED4-85D3-527BDDA83047}.Debug|iPhoneSimulator.ActiveCfg = Debug|Any CPU
		{7CE8260C-0962-4ED4-85D3-527BDDA83047}.Debug|iPhoneSimulator.Build.0 = Debug|Any CPU
		{7CE8260C-0962-4ED4-85D3-527BDDA83047}.Debug|iPhoneSimulator.Deploy.0 = Debug|Any CPU
		{7CE8260C-0962-4ED4-85D3-527BDDA83047}.Debug|x64.ActiveCfg = Debug|Any CPU
		{7CE8260C-0962-4ED4-85D3-527BDDA83047}.Debug|x64.Build.0 = Debug|Any CPU
		{7CE8260C-0962-4ED4-85D3-527BDDA83047}.Debug|x64.Deploy.0 = Debug|Any CPU
		{7CE8260C-0962-4ED4-85D3-527BDDA83047}.Debug|x86.ActiveCfg = Debug|Any CPU
		{7CE8260C-0962-4ED4-85D3-527BDDA83047}.Debug|x86.Build.0 = Debug|Any CPU
		{7CE8260C-0962-4ED4-85D3-527BDDA83047}.Debug|x86.Deploy.0 = Debug|Any CPU
		{7CE8260C-0962-4ED4-85D3-527BDDA83047}.Release|Any CPU.ActiveCfg = Release|Any CPU
		{7CE8260C-0962-4ED4-85D3-527BDDA83047}.Release|Any CPU.Build.0 = Release|Any CPU
		{7CE8260C-0962-4ED4-85D3-527BDDA83047}.Release|Any CPU.Deploy.0 = Release|Any CPU
		{7CE8260C-0962-4ED4-85D3-527BDDA83047}.Release|ARM.ActiveCfg = Release|Any CPU
		{7CE8260C-0962-4ED4-85D3-527BDDA83047}.Release|ARM.Build.0 = Release|Any CPU
		{7CE8260C-0962-4ED4-85D3-527BDDA83047}.Release|ARM.Deploy.0 = Release|Any CPU
		{7CE8260C-0962-4ED4-85D3-527BDDA83047}.Release|iPhone.ActiveCfg = Release|Any CPU
		{7CE8260C-0962-4ED4-85D3-527BDDA83047}.Release|iPhone.Build.0 = Release|Any CPU
		{7CE8260C-0962-4ED4-85D3-527BDDA83047}.Release|iPhone.Deploy.0 = Release|Any CPU
		{7CE8260C-0962-4ED4-85D3-527BDDA83047}.Release|iPhoneSimulator.ActiveCfg = Release|Any CPU
		{7CE8260C-0962-4ED4-85D3-527BDDA83047}.Release|iPhoneSimulator.Build.0 = Release|Any CPU
		{7CE8260C-0962-4ED4-85D3-527BDDA83047}.Release|iPhoneSimulator.Deploy.0 = Release|Any CPU
		{7CE8260C-0962-4ED4-85D3-527BDDA83047}.Release|x64.ActiveCfg = Release|Any CPU
		{7CE8260C-0962-4ED4-85D3-527BDDA83047}.Release|x64.Build.0 = Release|Any CPU
		{7CE8260C-0962-4ED4-85D3-527BDDA83047}.Release|x64.Deploy.0 = Release|Any CPU
		{7CE8260C-0962-4ED4-85D3-527BDDA83047}.Release|x86.ActiveCfg = Release|Any CPU
		{7CE8260C-0962-4ED4-85D3-527BDDA83047}.Release|x86.Build.0 = Release|Any CPU
		{7CE8260C-0962-4ED4-85D3-527BDDA83047}.Release|x86.Deploy.0 = Release|Any CPU
		{B0364CDC-404E-46C5-8B6F-5A2C9EF79F00}.Debug|Any CPU.ActiveCfg = Debug|iPhoneSimulator
		{B0364CDC-404E-46C5-8B6F-5A2C9EF79F00}.Debug|Any CPU.Build.0 = Debug|iPhoneSimulator
		{B0364CDC-404E-46C5-8B6F-5A2C9EF79F00}.Debug|Any CPU.Deploy.0 = Debug|iPhoneSimulator
		{B0364CDC-404E-46C5-8B6F-5A2C9EF79F00}.Debug|ARM.ActiveCfg = Debug|iPhone
		{B0364CDC-404E-46C5-8B6F-5A2C9EF79F00}.Debug|ARM.Build.0 = Debug|iPhone
		{B0364CDC-404E-46C5-8B6F-5A2C9EF79F00}.Debug|ARM.Deploy.0 = Debug|iPhone
		{B0364CDC-404E-46C5-8B6F-5A2C9EF79F00}.Debug|iPhone.ActiveCfg = Debug|iPhone
		{B0364CDC-404E-46C5-8B6F-5A2C9EF79F00}.Debug|iPhone.Build.0 = Debug|iPhone
		{B0364CDC-404E-46C5-8B6F-5A2C9EF79F00}.Debug|iPhone.Deploy.0 = Debug|iPhone
		{B0364CDC-404E-46C5-8B6F-5A2C9EF79F00}.Debug|iPhoneSimulator.ActiveCfg = Debug|iPhoneSimulator
		{B0364CDC-404E-46C5-8B6F-5A2C9EF79F00}.Debug|iPhoneSimulator.Build.0 = Debug|iPhoneSimulator
		{B0364CDC-404E-46C5-8B6F-5A2C9EF79F00}.Debug|iPhoneSimulator.Deploy.0 = Debug|iPhoneSimulator
		{B0364CDC-404E-46C5-8B6F-5A2C9EF79F00}.Debug|x64.ActiveCfg = Debug|iPhoneSimulator
		{B0364CDC-404E-46C5-8B6F-5A2C9EF79F00}.Debug|x64.Build.0 = Debug|iPhoneSimulator
		{B0364CDC-404E-46C5-8B6F-5A2C9EF79F00}.Debug|x64.Deploy.0 = Debug|iPhoneSimulator
		{B0364CDC-404E-46C5-8B6F-5A2C9EF79F00}.Debug|x86.ActiveCfg = Debug|iPhoneSimulator
		{B0364CDC-404E-46C5-8B6F-5A2C9EF79F00}.Debug|x86.Build.0 = Debug|iPhoneSimulator
		{B0364CDC-404E-46C5-8B6F-5A2C9EF79F00}.Debug|x86.Deploy.0 = Debug|iPhoneSimulator
		{B0364CDC-404E-46C5-8B6F-5A2C9EF79F00}.Release|Any CPU.ActiveCfg = Release|iPhoneSimulator
		{B0364CDC-404E-46C5-8B6F-5A2C9EF79F00}.Release|Any CPU.Build.0 = Release|iPhoneSimulator
		{B0364CDC-404E-46C5-8B6F-5A2C9EF79F00}.Release|Any CPU.Deploy.0 = Release|iPhoneSimulator
		{B0364CDC-404E-46C5-8B6F-5A2C9EF79F00}.Release|ARM.ActiveCfg = Release|iPhoneSimulator
		{B0364CDC-404E-46C5-8B6F-5A2C9EF79F00}.Release|ARM.Build.0 = Release|iPhoneSimulator
		{B0364CDC-404E-46C5-8B6F-5A2C9EF79F00}.Release|ARM.Deploy.0 = Release|iPhoneSimulator
		{B0364CDC-404E-46C5-8B6F-5A2C9EF79F00}.Release|iPhone.ActiveCfg = Release|iPhone
		{B0364CDC-404E-46C5-8B6F-5A2C9EF79F00}.Release|iPhone.Build.0 = Release|iPhone
		{B0364CDC-404E-46C5-8B6F-5A2C9EF79F00}.Release|iPhone.Deploy.0 = Release|iPhone
		{B0364CDC-404E-46C5-8B6F-5A2C9EF79F00}.Release|iPhoneSimulator.ActiveCfg = Release|iPhoneSimulator
		{B0364CDC-404E-46C5-8B6F-5A2C9EF79F00}.Release|iPhoneSimulator.Build.0 = Release|iPhoneSimulator
		{B0364CDC-404E-46C5-8B6F-5A2C9EF79F00}.Release|iPhoneSimulator.Deploy.0 = Release|iPhoneSimulator
		{B0364CDC-404E-46C5-8B6F-5A2C9EF79F00}.Release|x64.ActiveCfg = Release|iPhoneSimulator
		{B0364CDC-404E-46C5-8B6F-5A2C9EF79F00}.Release|x64.Build.0 = Release|iPhoneSimulator
		{B0364CDC-404E-46C5-8B6F-5A2C9EF79F00}.Release|x64.Deploy.0 = Release|iPhoneSimulator
		{B0364CDC-404E-46C5-8B6F-5A2C9EF79F00}.Release|x86.ActiveCfg = Release|iPhoneSimulator
		{B0364CDC-404E-46C5-8B6F-5A2C9EF79F00}.Release|x86.Build.0 = Release|iPhoneSimulator
		{B0364CDC-404E-46C5-8B6F-5A2C9EF79F00}.Release|x86.Deploy.0 = Release|iPhoneSimulator
		{E9927B6A-4E31-48DD-BF19-E92B8C3599A6}.Debug|Any CPU.ActiveCfg = Debug|Any CPU
		{E9927B6A-4E31-48DD-BF19-E92B8C3599A6}.Debug|Any CPU.Build.0 = Debug|Any CPU
		{E9927B6A-4E31-48DD-BF19-E92B8C3599A6}.Debug|Any CPU.Deploy.0 = Debug|Any CPU
		{E9927B6A-4E31-48DD-BF19-E92B8C3599A6}.Debug|ARM.ActiveCfg = Debug|Any CPU
		{E9927B6A-4E31-48DD-BF19-E92B8C3599A6}.Debug|ARM.Build.0 = Debug|Any CPU
		{E9927B6A-4E31-48DD-BF19-E92B8C3599A6}.Debug|ARM.Deploy.0 = Debug|Any CPU
		{E9927B6A-4E31-48DD-BF19-E92B8C3599A6}.Debug|iPhone.ActiveCfg = Debug|Any CPU
		{E9927B6A-4E31-48DD-BF19-E92B8C3599A6}.Debug|iPhone.Build.0 = Debug|Any CPU
		{E9927B6A-4E31-48DD-BF19-E92B8C3599A6}.Debug|iPhone.Deploy.0 = Debug|Any CPU
		{E9927B6A-4E31-48DD-BF19-E92B8C3599A6}.Debug|iPhoneSimulator.ActiveCfg = Debug|Any CPU
		{E9927B6A-4E31-48DD-BF19-E92B8C3599A6}.Debug|iPhoneSimulator.Build.0 = Debug|Any CPU
		{E9927B6A-4E31-48DD-BF19-E92B8C3599A6}.Debug|iPhoneSimulator.Deploy.0 = Debug|Any CPU
		{E9927B6A-4E31-48DD-BF19-E92B8C3599A6}.Debug|x64.ActiveCfg = Debug|Any CPU
		{E9927B6A-4E31-48DD-BF19-E92B8C3599A6}.Debug|x64.Build.0 = Debug|Any CPU
		{E9927B6A-4E31-48DD-BF19-E92B8C3599A6}.Debug|x64.Deploy.0 = Debug|Any CPU
		{E9927B6A-4E31-48DD-BF19-E92B8C3599A6}.Debug|x86.ActiveCfg = Debug|Any CPU
		{E9927B6A-4E31-48DD-BF19-E92B8C3599A6}.Debug|x86.Build.0 = Debug|Any CPU
		{E9927B6A-4E31-48DD-BF19-E92B8C3599A6}.Debug|x86.Deploy.0 = Debug|Any CPU
		{E9927B6A-4E31-48DD-BF19-E92B8C3599A6}.Release|Any CPU.ActiveCfg = Release|Any CPU
		{E9927B6A-4E31-48DD-BF19-E92B8C3599A6}.Release|Any CPU.Build.0 = Release|Any CPU
		{E9927B6A-4E31-48DD-BF19-E92B8C3599A6}.Release|Any CPU.Deploy.0 = Release|Any CPU
		{E9927B6A-4E31-48DD-BF19-E92B8C3599A6}.Release|ARM.ActiveCfg = Release|Any CPU
		{E9927B6A-4E31-48DD-BF19-E92B8C3599A6}.Release|ARM.Build.0 = Release|Any CPU
		{E9927B6A-4E31-48DD-BF19-E92B8C3599A6}.Release|ARM.Deploy.0 = Release|Any CPU
		{E9927B6A-4E31-48DD-BF19-E92B8C3599A6}.Release|iPhone.ActiveCfg = Release|Any CPU
		{E9927B6A-4E31-48DD-BF19-E92B8C3599A6}.Release|iPhone.Build.0 = Release|Any CPU
		{E9927B6A-4E31-48DD-BF19-E92B8C3599A6}.Release|iPhone.Deploy.0 = Release|Any CPU
		{E9927B6A-4E31-48DD-BF19-E92B8C3599A6}.Release|iPhoneSimulator.ActiveCfg = Release|Any CPU
		{E9927B6A-4E31-48DD-BF19-E92B8C3599A6}.Release|iPhoneSimulator.Build.0 = Release|Any CPU
		{E9927B6A-4E31-48DD-BF19-E92B8C3599A6}.Release|iPhoneSimulator.Deploy.0 = Release|Any CPU
		{E9927B6A-4E31-48DD-BF19-E92B8C3599A6}.Release|x64.ActiveCfg = Release|Any CPU
		{E9927B6A-4E31-48DD-BF19-E92B8C3599A6}.Release|x64.Build.0 = Release|Any CPU
		{E9927B6A-4E31-48DD-BF19-E92B8C3599A6}.Release|x64.Deploy.0 = Release|Any CPU
		{E9927B6A-4E31-48DD-BF19-E92B8C3599A6}.Release|x86.ActiveCfg = Release|Any CPU
		{E9927B6A-4E31-48DD-BF19-E92B8C3599A6}.Release|x86.Build.0 = Release|Any CPU
		{E9927B6A-4E31-48DD-BF19-E92B8C3599A6}.Release|x86.Deploy.0 = Release|Any CPU
	EndGlobalSection
	GlobalSection(SolutionProperties) = preSolution
		HideSolutionNode = FALSE
	EndGlobalSection
	GlobalSection(ExtensibilityGlobals) = postSolution
		SolutionGuid = {B4EFDCD6-8B10-468A-823F-40C07362EC59}
	EndGlobalSection
EndGlobal
